
Microsoft Visual Studio Solution File, Format Version 12.00
# Visual Studio Version 17
VisualStudioVersion = 17.9.34723.18
MinimumVisualStudioVersion = 10.0.40219.1
Project("{FAE04EC0-301F-11D3-BF4B-00C04F79EFBC}") = "Demo Chizhonok", "Demo Chizhonok\Demo Chizhonok.csproj", "{0FC0E337-4ED1-4482-9678-AC38760ECC64}"
EndProject
Global
	GlobalSection(SolutionConfigurationPlatforms) = preSolution
		Debug|Any CPU = Debug|Any CPU
		Release|Any CPU = Release|Any CPU
	EndGlobalSection
	GlobalSection(ProjectConfigurationPlatforms) = postSolution
		{0FC0E337-4ED1-4482-9678-AC38760ECC64}.Debug|Any CPU.ActiveCfg = Debug|Any CPU
		{0FC0E337-4ED1-4482-9678-AC38760ECC64}.Debug|Any CPU.Build.0 = Debug|Any CPU
		{0FC0E337-4ED1-4482-9678-AC38760ECC64}.Release|Any CPU.ActiveCfg = Release|Any CPU
		{0FC0E337-4ED1-4482-9678-AC38760ECC64}.Release|Any CPU.Build.0 = Release|Any CPU
	EndGlobalSection
	GlobalSection(SolutionProperties) = preSolution
		HideSolutionNode = FALSE
	EndGlobalSection
	GlobalSection(ExtensibilityGlobals) = postSolution
		SolutionGuid = {BBBCD664-DB9E-46D2-A407-2CD920BF0059}
	EndGlobalSection
EndGlobal
